// !$*UTF8*$!
{
	archiveVersion = 1;
	classes = {
	};
	objectVersion = 56;
	objects = {

/* Begin PBXBuildFile section */
		0133656F2B0B90D8006EBE56 /* Main.storyboard in Resources */ = {isa = PBXBuildFile; fileRef = 0133656E2B0B90D8006EBE56 /* Main.storyboard */; };
		01C2DE662B0B4B3200238075 /* AppDelegate.swift in Sources */ = {isa = PBXBuildFile; fileRef = 01C2DE652B0B4B3200238075 /* AppDelegate.swift */; };
		01C2DE682B0B4B3200238075 /* SceneDelegate.swift in Sources */ = {isa = PBXBuildFile; fileRef = 01C2DE672B0B4B3200238075 /* SceneDelegate.swift */; };
		01C2DE6F2B0B4B3500238075 /* Assets.xcassets in Resources */ = {isa = PBXBuildFile; fileRef = 01C2DE6E2B0B4B3500238075 /* Assets.xcassets */; };
		01C2DE722B0B4B3500238075 /* LaunchScreen.storyboard in Resources */ = {isa = PBXBuildFile; fileRef = 01C2DE702B0B4B3500238075 /* LaunchScreen.storyboard */; };
		01C2DE7F2B0B4BD300238075 /* Router.swift in Sources */ = {isa = PBXBuildFile; fileRef = 01C2DE7E2B0B4BD300238075 /* Router.swift */; };
		01C2DE812B0B4C8D00238075 /* Entity.swift in Sources */ = {isa = PBXBuildFile; fileRef = 01C2DE802B0B4C8D00238075 /* Entity.swift */; };
		01C2DE832B0B4CB400238075 /* Presenter.swift in Sources */ = {isa = PBXBuildFile; fileRef = 01C2DE822B0B4CB400238075 /* Presenter.swift */; };
		01C2DE852B0B4DAB00238075 /* Interactor.swift in Sources */ = {isa = PBXBuildFile; fileRef = 01C2DE842B0B4DAB00238075 /* Interactor.swift */; };
		01C2DE872B0B4DE300238075 /* View.swift in Sources */ = {isa = PBXBuildFile; fileRef = 01C2DE862B0B4DE300238075 /* View.swift */; };
/* End PBXBuildFile section */

/* Begin PBXFileReference section */
		0133656E2B0B90D8006EBE56 /* Main.storyboard */ = {isa = PBXFileReference; fileEncoding = 4; lastKnownFileType = file.storyboard; path = Main.storyboard; sourceTree = "<group>"; };
		01C2DE622B0B4B3200238075 /* Viper Get Started.app */ = {isa = PBXFileReference; explicitFileType = wrapper.application; includeInIndex = 0; path = "Viper Get Started.app"; sourceTree = BUILT_PRODUCTS_DIR; };
		01C2DE652B0B4B3200238075 /* AppDelegate.swift */ = {isa = PBXFileReference; lastKnownFileType = sourcecode.swift; path = AppDelegate.swift; sourceTree = "<group>"; };
		01C2DE672B0B4B3200238075 /* SceneDelegate.swift */ = {isa = PBXFileReference; lastKnownFileType = sourcecode.swift; path = SceneDelegate.swift; sourceTree = "<group>"; };
		01C2DE6E2B0B4B3500238075 /* Assets.xcassets */ = {isa = PBXFileReference; lastKnownFileType = folder.assetcatalog; path = Assets.xcassets; sourceTree = "<group>"; };
		01C2DE712B0B4B3500238075 /* Base */ = {isa = PBXFileReference; lastKnownFileType = file.storyboard; name = Base; path = Base.lproj/LaunchScreen.storyboard; sourceTree = "<group>"; };
		01C2DE732B0B4B3500238075 /* Info.plist */ = {isa = PBXFileReference; lastKnownFileType = text.plist.xml; path = Info.plist; sourceTree = "<group>"; };
		01C2DE7E2B0B4BD300238075 /* Router.swift */ = {isa = PBXFileReference; lastKnownFileType = sourcecode.swift; path = Router.swift; sourceTree = "<group>"; };
		01C2DE802B0B4C8D00238075 /* Entity.swift */ = {isa = PBXFileReference; lastKnownFileType = sourcecode.swift; path = Entity.swift; sourceTree = "<group>"; };
		01C2DE822B0B4CB400238075 /* Presenter.swift */ = {isa = PBXFileReference; lastKnownFileType = sourcecode.swift; path = Presenter.swift; sourceTree = "<group>"; };
		01C2DE842B0B4DAB00238075 /* Interactor.swift */ = {isa = PBXFileReference; lastKnownFileType = sourcecode.swift; path = Interactor.swift; sourceTree = "<group>"; };
		01C2DE862B0B4DE300238075 /* View.swift */ = {isa = PBXFileReference; lastKnownFileType = sourcecode.swift; path = View.swift; sourceTree = "<group>"; };
/* End PBXFileReference section */

/* Begin PBXFrameworksBuildPhase section */
		01C2DE5F2B0B4B3200238075 /* Frameworks */ = {
			isa = PBXFrameworksBuildPhase;
			buildActionMask = 2147483647;
			files = (
			);
			runOnlyForDeploymentPostprocessing = 0;
		};
/* End PBXFrameworksBuildPhase section */

/* Begin PBXGroup section */
		01C2DE592B0B4B3200238075 = {
			isa = PBXGroup;
			children = (
				01C2DE642B0B4B3200238075 /* Viper Get Started */,
				01C2DE632B0B4B3200238075 /* Products */,
			);
			sourceTree = "<group>";
		};
		01C2DE632B0B4B3200238075 /* Products */ = {
			isa = PBXGroup;
			children = (
				01C2DE622B0B4B3200238075 /* Viper Get Started.app */,
			);
			name = Products;
			sourceTree = "<group>";
		};
		01C2DE642B0B4B3200238075 /* Viper Get Started */ = {
			isa = PBXGroup;
			children = (
				01C2DE7D2B0B4B7F00238075 /* Router */,
				01C2DE7C2B0B4B7800238075 /* Entity */,
				01C2DE7B2B0B4B7400238075 /* Presenter */,
				01C2DE7A2B0B4B6A00238075 /* Iteractor */,
				01C2DE792B0B4B5F00238075 /* View */,
				01C2DE652B0B4B3200238075 /* AppDelegate.swift */,
				01C2DE672B0B4B3200238075 /* SceneDelegate.swift */,
				01C2DE6E2B0B4B3500238075 /* Assets.xcassets */,
				01C2DE702B0B4B3500238075 /* LaunchScreen.storyboard */,
				01C2DE732B0B4B3500238075 /* Info.plist */,
			);
			path = "Viper Get Started";
			sourceTree = "<group>";
		};
		01C2DE792B0B4B5F00238075 /* View */ = {
			isa = PBXGroup;
			children = (
				0133656E2B0B90D8006EBE56 /* Main.storyboard */,
				01C2DE862B0B4DE300238075 /* View.swift */,
			);
			path = View;
			sourceTree = "<group>";
		};
		01C2DE7A2B0B4B6A00238075 /* Iteractor */ = {
			isa = PBXGroup;
			children = (
				01C2DE842B0B4DAB00238075 /* Interactor.swift */,
			);
			path = Iteractor;
			sourceTree = "<group>";
		};
		01C2DE7B2B0B4B7400238075 /* Presenter */ = {
			isa = PBXGroup;
			children = (
				01C2DE822B0B4CB400238075 /* Presenter.swift */,
			);
			path = Presenter;
			sourceTree = "<group>";
		};
		01C2DE7C2B0B4B7800238075 /* Entity */ = {
			isa = PBXGroup;
			children = (
				01C2DE802B0B4C8D00238075 /* Entity.swift */,
			);
			path = Entity;
			sourceTree = "<group>";
		};
		01C2DE7D2B0B4B7F00238075 /* Router */ = {
			isa = PBXGroup;
			children = (
				01C2DE7E2B0B4BD300238075 /* Router.swift */,
			);
			path = Router;
			sourceTree = "<group>";
		};
/* End PBXGroup section */

/* Begin PBXNativeTarget section */
		01C2DE612B0B4B3200238075 /* Viper Get Started */ = {
			isa = PBXNativeTarget;
			buildConfigurationList = 01C2DE762B0B4B3500238075 /* Build configuration list for PBXNativeTarget "Viper Get Started" */;
			buildPhases = (
				01C2DE5E2B0B4B3200238075 /* Sources */,
				01C2DE5F2B0B4B3200238075 /* Frameworks */,
				01C2DE602B0B4B3200238075 /* Resources */,
			);
			buildRules = (
			);
			dependencies = (
			);
			name = "Viper Get Started";
			productName = "Viper Get Started";
			productReference = 01C2DE622B0B4B3200238075 /* Viper Get Started.app */;
			productType = "com.apple.product-type.application";
		};
/* End PBXNativeTarget section */

/* Begin PBXProject section */
		01C2DE5A2B0B4B3200238075 /* Project object */ = {
			isa = PBXProject;
			attributes = {
				BuildIndependentTargetsInParallel = 1;
				LastSwiftUpdateCheck = 1500;
				LastUpgradeCheck = 1500;
				TargetAttributes = {
					01C2DE612B0B4B3200238075 = {
						CreatedOnToolsVersion = 15.0.1;
					};
				};
			};
			buildConfigurationList = 01C2DE5D2B0B4B3200238075 /* Build configuration list for PBXProject "Viper Get Started" */;
			compatibilityVersion = "Xcode 14.0";
			developmentRegion = en;
			hasScannedForEncodings = 0;
			knownRegions = (
				en,
				Base,
			);
			mainGroup = 01C2DE592B0B4B3200238075;
			productRefGroup = 01C2DE632B0B4B3200238075 /* Products */;
			projectDirPath = "";
			projectRoot = "";
			targets = (
				01C2DE612B0B4B3200238075 /* Viper Get Started */,
			);
		};
/* End PBXProject section */

/* Begin PBXResourcesBuildPhase section */
		01C2DE602B0B4B3200238075 /* Resources */ = {
			isa = PBXResourcesBuildPhase;
			buildActionMask = 2147483647;
			files = (
				0133656F2B0B90D8006EBE56 /* Main.storyboard in Resources */,
				01C2DE722B0B4B3500238075 /* LaunchScreen.storyboard in Resources */,
				01C2DE6F2B0B4B3500238075 /* Assets.xcassets in Resources */,
			);
			runOnlyForDeploymentPostprocessing = 0;
		};
/* End PBXResourcesBuildPhase section */

/* Begin PBXSourcesBuildPhase section */
		01C2DE5E2B0B4B3200238075 /* Sources */ = {
			isa = PBXSourcesBuildPhase;
			buildActionMask = 2147483647;
			files = (
				01C2DE832B0B4CB400238075 /* Presenter.swift in Sources */,
				01C2DE812B0B4C8D00238075 /* Entity.swift in Sources */,
				01C2DE7F2B0B4BD300238075 /* Router.swift in Sources */,
				01C2DE662B0B4B3200238075 /* AppDelegate.swift in Sources */,
				01C2DE852B0B4DAB00238075 /* Interactor.swift in Sources */,
				01C2DE682B0B4B3200238075 /* SceneDelegate.swift in Sources */,
				01C2DE872B0B4DE300238075 /* View.swift in Sources */,
			);
			runOnlyForDeploymentPostprocessing = 0;
		};
/* End PBXSourcesBuildPhase section */

/* Begin PBXVariantGroup section */
		01C2DE702B0B4B3500238075 /* LaunchScreen.storyboard */ = {
			isa = PBXVariantGroup;
			children = (
				01C2DE712B0B4B3500238075 /* Base */,
			);
			name = LaunchScreen.storyboard;
			sourceTree = "<group>";
		};
/* End PBXVariantGroup section */

/* Begin XCBuildConfiguration section */
		01C2DE742B0B4B3500238075 /* Debug */ = {
			isa = XCBuildConfiguration;
			buildSettings = {
				ALWAYS_SEARCH_USER_PATHS = NO;
				ASSETCATALOG_COMPILER_GENERATE_SWIFT_ASSET_SYMBOL_EXTENSIONS = YES;
				CLANG_ANALYZER_NONNULL = YES;
				CLANG_ANALYZER_NUMBER_OBJECT_CONVERSION = YES_AGGRESSIVE;
				CLANG_CXX_LANGUAGE_STANDARD = "gnu++20";
				CLANG_ENABLE_MODULES = YES;
				CLANG_ENABLE_OBJC_ARC = YES;
				CLANG_ENABLE_OBJC_WEAK = YES;
				CLANG_WARN_BLOCK_CAPTURE_AUTORELEASING = YES;
				CLANG_WARN_BOOL_CONVERSION = YES;
				CLANG_WARN_COMMA = YES;
				CLANG_WARN_CONSTANT_CONVERSION = YES;
				CLANG_WARN_DEPRECATED_OBJC_IMPLEMENTATIONS = YES;
				CLANG_WARN_DIRECT_OBJC_ISA_USAGE = YES_ERROR;
				CLANG_WARN_DOCUMENTATION_COMMENTS = YES;
				CLANG_WARN_EMPTY_BODY = YES;
				CLANG_WARN_ENUM_CONVERSION = YES;
				CLANG_WARN_INFINITE_RECURSION = YES;
				CLANG_WARN_INT_CONVERSION = YES;
				CLANG_WARN_NON_LITERAL_NULL_CONVERSION = YES;
				CLANG_WARN_OBJC_IMPLICIT_RETAIN_SELF = YES;
				CLANG_WARN_OBJC_LITERAL_CONVERSION = YES;
				CLANG_WARN_OBJC_ROOT_CLASS = YES_ERROR;
				CLANG_WARN_QUOTED_INCLUDE_IN_FRAMEWORK_HEADER = YES;
				CLANG_WARN_RANGE_LOOP_ANALYSIS = YES;
				CLANG_WARN_STRICT_PROTOTYPES = YES;
				CLANG_WARN_SUSPICIOUS_MOVE = YES;
				CLANG_WARN_UNGUARDED_AVAILABILITY = YES_AGGRESSIVE;
				CLANG_WARN_UNREACHABLE_CODE = YES;
				CLANG_WARN__DUPLICATE_METHOD_MATCH = YES;
				COPY_PHASE_STRIP = NO;
				DEBUG_INFORMATION_FORMAT = dwarf;
				ENABLE_STRICT_OBJC_MSGSEND = YES;
				ENABLE_TESTABILITY = YES;
				ENABLE_USER_SCRIPT_SANDBOXING = YES;
				GCC_C_LANGUAGE_STANDARD = gnu17;
				GCC_DYNAMIC_NO_PIC = NO;
				GCC_NO_COMMON_BLOCKS = YES;
				GCC_OPTIMIZATION_LEVEL = 0;
				GCC_PREPROCESSOR_DEFINITIONS = (
					"DEBUG=1",
					"$(inherited)",
				);
				GCC_WARN_64_TO_32_BIT_CONVERSION = YES;
				GCC_WARN_ABOUT_RETURN_TYPE = YES_ERROR;
				GCC_WARN_UNDECLARED_SELECTOR = YES;
				GCC_WARN_UNINITIALIZED_AUTOS = YES_AGGRESSIVE;
				GCC_WARN_UNUSED_FUNCTION = YES;
				GCC_WARN_UNUSED_VARIABLE = YES;
				IPHONEOS_DEPLOYMENT_TARGET = 16.0;
				LOCALIZATION_PREFERS_STRING_CATALOGS = YES;
				MTL_ENABLE_DEBUG_INFO = INCLUDE_SOURCE;
				MTL_FAST_MATH = YES;
				ONLY_ACTIVE_ARCH = YES;
				SDKROOT = iphoneos;
				SWIFT_ACTIVE_COMPILATION_CONDITIONS = "DEBUG $(inherited)";
				SWIFT_OPTIMIZATION_LEVEL = "-Onone";
			};
			name = Debug;
		};
		01C2DE752B0B4B3500238075 /* Release */ = {
			isa = XCBuildConfiguration;
			buildSettings = {
				ALWAYS_SEARCH_USER_PATHS = NO;
				ASSETCATALOG_COMPILER_GENERATE_SWIFT_ASSET_SYMBOL_EXTENSIONS = YES;
				CLANG_ANALYZER_NONNULL = YES;
				CLANG_ANALYZER_NUMBER_OBJECT_CONVERSION = YES_AGGRESSIVE;
				CLANG_CXX_LANGUAGE_STANDARD = "gnu++20";
				CLANG_ENABLE_MODULES = YES;
				CLANG_ENABLE_OBJC_ARC = YES;
				CLANG_ENABLE_OBJC_WEAK = YES;
				CLANG_WARN_BLOCK_CAPTURE_AUTORELEASING = YES;
				CLANG_WARN_BOOL_CONVERSION = YES;
				CLANG_WARN_COMMA = YES;
				CLANG_WARN_CONSTANT_CONVERSION = YES;
				CLANG_WARN_DEPRECATED_OBJC_IMPLEMENTATIONS = YES;
				CLANG_WARN_DIRECT_OBJC_ISA_USAGE = YES_ERROR;
				CLANG_WARN_DOCUMENTATION_COMMENTS = YES;
				CLANG_WARN_EMPTY_BODY = YES;
				CLANG_WARN_ENUM_CONVERSION = YES;
				CLANG_WARN_INFINITE_RECURSION = YES;
				CLANG_WARN_INT_CONVERSION = YES;
				CLANG_WARN_NON_LITERAL_NULL_CONVERSION = YES;
				CLANG_WARN_OBJC_IMPLICIT_RETAIN_SELF = YES;
				CLANG_WARN_OBJC_LITERAL_CONVERSION = YES;
				CLANG_WARN_OBJC_ROOT_CLASS = YES_ERROR;
				CLANG_WARN_QUOTED_INCLUDE_IN_FRAMEWORK_HEADER = YES;
				CLANG_WARN_RANGE_LOOP_ANALYSIS = YES;
				CLANG_WARN_STRICT_PROTOTYPES = YES;
				CLANG_WARN_SUSPICIOUS_MOVE = YES;
				CLANG_WARN_UNGUARDED_AVAILABILITY = YES_AGGRESSIVE;
				CLANG_WARN_UNREACHABLE_CODE = YES;
				CLANG_WARN__DUPLICATE_METHOD_MATCH = YES;
				COPY_PHASE_STRIP = NO;
				DEBUG_INFORMATION_FORMAT = "dwarf-with-dsym";
				ENABLE_NS_ASSERTIONS = NO;
				ENABLE_STRICT_OBJC_MSGSEND = YES;
				ENABLE_USER_SCRIPT_SANDBOXING = YES;
				GCC_C_LANGUAGE_STANDARD = gnu17;
				GCC_NO_COMMON_BLOCKS = YES;
				GCC_WARN_64_TO_32_BIT_CONVERSION = YES;
				GCC_WARN_ABOUT_RETURN_TYPE = YES_ERROR;
				GCC_WARN_UNDECLARED_SELECTOR = YES;
				GCC_WARN_UNINITIALIZED_AUTOS = YES_AGGRESSIVE;
				GCC_WARN_UNUSED_FUNCTION = YES;
				GCC_WARN_UNUSED_VARIABLE = YES;
				IPHONEOS_DEPLOYMENT_TARGET = 16.0;
				LOCALIZATION_PREFERS_STRING_CATALOGS = YES;
				MTL_ENABLE_DEBUG_INFO = NO;
				MTL_FAST_MATH = YES;
				SDKROOT = iphoneos;
				SWIFT_COMPILATION_MODE = wholemodule;
				VALIDATE_PRODUCT = YES;
			};
			name = Release;
		};
		01C2DE772B0B4B3500238075 /* Debug */ = {
			isa = XCBuildConfiguration;
			buildSettings = {
				ASSETCATALOG_COMPILER_APPICON_NAME = AppIcon;
				ASSETCATALOG_COMPILER_GLOBAL_ACCENT_COLOR_NAME = AccentColor;
				CODE_SIGN_STYLE = Automatic;
				CURRENT_PROJECT_VERSION = 1;
				DEVELOPMENT_TEAM = J6CR3N3ZH6;
				GENERATE_INFOPLIST_FILE = YES;
				INFOPLIST_FILE = "Viper Get Started/Info.plist";
				INFOPLIST_KEY_UIApplicationSupportsIndirectInputEvents = YES;
				INFOPLIST_KEY_UISupportedInterfaceOrientations_iPad = "UIInterfaceOrientationPortrait UIInterfaceOrientationPortraitUpsideDown UIInterfaceOrientationLandscapeLeft UIInterfaceOrientationLandscapeRight";
				INFOPLIST_KEY_UISupportedInterfaceOrientations_iPhone = "UIInterfaceOrientationPortrait UIInterfaceOrientationLandscapeLeft UIInterfaceOrientationLandscapeRight";
				LD_RUNPATH_SEARCH_PATHS = (
					"$(inherited)",
					"@executable_path/Frameworks",
				);
				MARKETING_VERSION = 1.0;
				PRODUCT_BUNDLE_IDENTIFIER = "Lachkar.Zakaria.Viper-Get-Started";
				PRODUCT_NAME = "$(TARGET_NAME)";
				SWIFT_EMIT_LOC_STRINGS = YES;
				SWIFT_VERSION = 5.0;
				TARGETED_DEVICE_FAMILY = "1,2";
			};
			name = Debug;
		};
		01C2DE782B0B4B3500238075 /* Release */ = {
			isa = XCBuildConfiguration;
			buildSettings = {
				ASSETCATALOG_COMPILER_APPICON_NAME = AppIcon;
				ASSETCATALOG_COMPILER_GLOBAL_ACCENT_COLOR_NAME = AccentColor;
				CODE_SIGN_STYLE = Automatic;
				CURRENT_PROJECT_VERSION = 1;
				DEVELOPMENT_TEAM = J6CR3N3ZH6;
				GENERATE_INFOPLIST_FILE = YES;
				INFOPLIST_FILE = "Viper Get Started/Info.plist";
				INFOPLIST_KEY_UIApplicationSupportsIndirectInputEvents = YES;
				INFOPLIST_KEY_UISupportedInterfaceOrientations_iPad = "UIInterfaceOrientationPortrait UIInterfaceOrientationPortraitUpsideDown UIInterfaceOrientationLandscapeLeft UIInterfaceOrientationLandscapeRight";
				INFOPLIST_KEY_UISupportedInterfaceOrientations_iPhone = "UIInterfaceOrientationPortrait UIInterfaceOrientationLandscapeLeft UIInterfaceOrientationLandscapeRight";
				LD_RUNPATH_SEARCH_PATHS = (
					"$(inherited)",
					"@executable_path/Frameworks",
				);
				MARKETING_VERSION = 1.0;
				PRODUCT_BUNDLE_IDENTIFIER = "Lachkar.Zakaria.Viper-Get-Started";
				PRODUCT_NAME = "$(TARGET_NAME)";
				SWIFT_EMIT_LOC_STRINGS = YES;
				SWIFT_VERSION = 5.0;
				TARGETED_DEVICE_FAMILY = "1,2";
			};
			name = Release;
		};
/* End XCBuildConfiguration section */

/* Begin XCConfigurationList section */
		01C2DE5D2B0B4B3200238075 /* Build configuration list for PBXProject "Viper Get Started" */ = {
			isa = XCConfigurationList;
			buildConfigurations = (
				01C2DE742B0B4B3500238075 /* Debug */,
				01C2DE752B0B4B3500238075 /* Release */,
			);
			defaultConfigurationIsVisible = 0;
			defaultConfigurationName = Release;
		};
		01C2DE762B0B4B3500238075 /* Build configuration list for PBXNativeTarget "Viper Get Started" */ = {
			isa = XCConfigurationList;
			buildConfigurations = (
				01C2DE772B0B4B3500238075 /* Debug */,
				01C2DE782B0B4B3500238075 /* Release */,
			);
			defaultConfigurationIsVisible = 0;
			defaultConfigurationName = Release;
		};
/* End XCConfigurationList section */
	};
	rootObject = 01C2DE5A2B0B4B3200238075 /* Project object */;
}
